
Microsoft Visual Studio Solution File, Format Version 12.00
# Visual Studio Version 17
VisualStudioVersion = 17.1.32421.90
MinimumVisualStudioVersion = 10.0.40219.1
Project("{FAE04EC0-301F-11D3-BF4B-00C04F79EFBC}") = "RedeSocial", "RedeSocial\RedeSocial.csproj", "{7A298096-40A4-4D75-8928-07AAA3E8DDF9}"
EndProject
Global
	GlobalSection(SolutionConfigurationPlatforms) = preSolution
		Debug|Any CPU = Debug|Any CPU
		Release|Any CPU = Release|Any CPU
	EndGlobalSection
	GlobalSection(ProjectConfigurationPlatforms) = postSolution
		{7A298096-40A4-4D75-8928-07AAA3E8DDF9}.Debug|Any CPU.ActiveCfg = Debug|Any CPU
		{7A298096-40A4-4D75-8928-07AAA3E8DDF9}.Debug|Any CPU.Build.0 = Debug|Any CPU
		{7A298096-40A4-4D75-8928-07AAA3E8DDF9}.Release|Any CPU.ActiveCfg = Release|Any CPU
		{7A298096-40A4-4D75-8928-07AAA3E8DDF9}.Release|Any CPU.Build.0 = Release|Any CPU
	EndGlobalSection
	GlobalSection(SolutionProperties) = preSolution
		HideSolutionNode = FALSE
	EndGlobalSection
	GlobalSection(ExtensibilityGlobals) = postSolution
		SolutionGuid = {30666B11-0512-4A23-8D72-FFD2E7076E18}
	EndGlobalSection
EndGlobal
